
Microsoft Visual Studio Solution File, Format Version 12.00
# Visual Studio 2013
VisualStudioVersion = 12.0.40629.0
MinimumVisualStudioVersion = 10.0.40219.1
Project("{8BC9CEB8-8B4A-11D0-8D11-00A0C91BC942}") = "msdos", "msdos.vcxproj", "{F7099130-A15B-4654-8981-DD3E0229A7AF}"
EndProject
Global
	GlobalSection(SolutionConfigurationPlatforms) = preSolution
		Debug_i186|Win32 = Debug_i186|Win32
		Debug_i186|x64 = Debug_i186|x64
		Debug_i286|Win32 = Debug_i286|Win32
		Debug_i286|x64 = Debug_i286|x64
		Debug_i386|Win32 = Debug_i386|Win32
		Debug_i386|x64 = Debug_i386|x64
		Debug_i486|Win32 = Debug_i486|Win32
		Debug_i486|x64 = Debug_i486|x64
		Debug_i86|Win32 = Debug_i86|Win32
		Debug_i86|x64 = Debug_i86|x64
		Debug_mediagx|Win32 = Debug_mediagx|Win32
		Debug_mediagx|x64 = Debug_mediagx|x64
		Debug_pentium_mmx|Win32 = Debug_pentium_mmx|Win32
		Debug_pentium_mmx|x64 = Debug_pentium_mmx|x64
		Debug_pentium_pro|Win32 = Debug_pentium_pro|Win32
		Debug_pentium_pro|x64 = Debug_pentium_pro|x64
		Debug_pentium|Win32 = Debug_pentium|Win32
		Debug_pentium|x64 = Debug_pentium|x64
		Debug_pentium2|Win32 = Debug_pentium2|Win32
		Debug_pentium2|x64 = Debug_pentium2|x64
		Debug_pentium3|Win32 = Debug_pentium3|Win32
		Debug_pentium3|x64 = Debug_pentium3|x64
		Debug_pentium4|Win32 = Debug_pentium4|Win32
		Debug_pentium4|x64 = Debug_pentium4|x64
		Debug_v30|Win32 = Debug_v30|Win32
		Debug_v30|x64 = Debug_v30|x64
		Release_i186|Win32 = Release_i186|Win32
		Release_i186|x64 = Release_i186|x64
		Release_i286|Win32 = Release_i286|Win32
		Release_i286|x64 = Release_i286|x64
		Release_i386|Win32 = Release_i386|Win32
		Release_i386|x64 = Release_i386|x64
		Release_i486|Win32 = Release_i486|Win32
		Release_i486|x64 = Release_i486|x64
		Release_i86|Win32 = Release_i86|Win32
		Release_i86|x64 = Release_i86|x64
		Release_mediagx|Win32 = Release_mediagx|Win32
		Release_mediagx|x64 = Release_mediagx|x64
		Release_pentium_mmx|Win32 = Release_pentium_mmx|Win32
		Release_pentium_mmx|x64 = Release_pentium_mmx|x64
		Release_pentium_pro|Win32 = Release_pentium_pro|Win32
		Release_pentium_pro|x64 = Release_pentium_pro|x64
		Release_pentium|Win32 = Release_pentium|Win32
		Release_pentium|x64 = Release_pentium|x64
		Release_pentium2|Win32 = Release_pentium2|Win32
		Release_pentium2|x64 = Release_pentium2|x64
		Release_pentium3|Win32 = Release_pentium3|Win32
		Release_pentium3|x64 = Release_pentium3|x64
		Release_pentium4|Win32 = Release_pentium4|Win32
		Release_pentium4|x64 = Release_pentium4|x64
		Release_v30|Win32 = Release_v30|Win32
		Release_v30|x64 = Release_v30|x64
	EndGlobalSection
	GlobalSection(ProjectConfigurationPlatforms) = postSolution
		{F7099130-A15B-4654-8981-DD3E0229A7AF}.Debug_i186|Win32.ActiveCfg = Debug_i186|Win32
		{F7099130-A15B-4654-8981-DD3E0229A7AF}.Debug_i186|Win32.Build.0 = Debug_i186|Win32
		{F7099130-A15B-4654-8981-DD3E0229A7AF}.Debug_i186|x64.ActiveCfg = Debug_i186|x64
		{F7099130-A15B-4654-8981-DD3E0229A7AF}.Debug_i186|x64.Build.0 = Debug_i186|x64
		{F7099130-A15B-4654-8981-DD3E0229A7AF}.Debug_i286|Win32.ActiveCfg = Debug_i286|Win32
		{F7099130-A15B-4654-8981-DD3E0229A7AF}.Debug_i286|Win32.Build.0 = Debug_i286|Win32
		{F7099130-A15B-4654-8981-DD3E0229A7AF}.Debug_i286|x64.ActiveCfg = Debug_i286|x64
		{F7099130-A15B-4654-8981-DD3E0229A7AF}.Debug_i286|x64.Build.0 = Debug_i286|x64
		{F7099130-A15B-4654-8981-DD3E0229A7AF}.Debug_i386|Win32.ActiveCfg = Debug_i386|Win32
		{F7099130-A15B-4654-8981-DD3E0229A7AF}.Debug_i386|Win32.Build.0 = Debug_i386|Win32
		{F7099130-A15B-4654-8981-DD3E0229A7AF}.Debug_i386|x64.ActiveCfg = Debug_i386|x64
		{F7099130-A15B-4654-8981-DD3E0229A7AF}.Debug_i386|x64.Build.0 = Debug_i386|x64
		{F7099130-A15B-4654-8981-DD3E0229A7AF}.Debug_i486|Win32.ActiveCfg = Debug_i486|Win32
		{F7099130-A15B-4654-8981-DD3E0229A7AF}.Debug_i486|Win32.Build.0 = Debug_i486|Win32
		{F7099130-A15B-4654-8981-DD3E0229A7AF}.Debug_i486|x64.ActiveCfg = Debug_i486|x64
		{F7099130-A15B-4654-8981-DD3E0229A7AF}.Debug_i486|x64.Build.0 = Debug_i486|x64
		{F7099130-A15B-4654-8981-DD3E0229A7AF}.Debug_i86|Win32.ActiveCfg = Debug_i86|Win32
		{F7099130-A15B-4654-8981-DD3E0229A7AF}.Debug_i86|Win32.Build.0 = Debug_i86|Win32
		{F7099130-A15B-4654-8981-DD3E0229A7AF}.Debug_i86|x64.ActiveCfg = Debug_i86|x64
		{F7099130-A15B-4654-8981-DD3E0229A7AF}.Debug_i86|x64.Build.0 = Debug_i86|x64
		{F7099130-A15B-4654-8981-DD3E0229A7AF}.Debug_mediagx|Win32.ActiveCfg = Debug_mediagx|Win32
		{F7099130-A15B-4654-8981-DD3E0229A7AF}.Debug_mediagx|Win32.Build.0 = Debug_mediagx|Win32
		{F7099130-A15B-4654-8981-DD3E0229A7AF}.Debug_mediagx|x64.ActiveCfg = Debug_mediagx|x64
		{F7099130-A15B-4654-8981-DD3E0229A7AF}.Debug_mediagx|x64.Build.0 = Debug_mediagx|x64
		{F7099130-A15B-4654-8981-DD3E0229A7AF}.Debug_pentium_mmx|Win32.ActiveCfg = Debug_pentium_mmx|Win32
		{F7099130-A15B-4654-8981-DD3E0229A7AF}.Debug_pentium_mmx|Win32.Build.0 = Debug_pentium_mmx|Win32
		{F7099130-A15B-4654-8981-DD3E0229A7AF}.Debug_pentium_mmx|x64.ActiveCfg = Debug_pentium_mmx|x64
		{F7099130-A15B-4654-8981-DD3E0229A7AF}.Debug_pentium_mmx|x64.Build.0 = Debug_pentium_mmx|x64
		{F7099130-A15B-4654-8981-DD3E0229A7AF}.Debug_pentium_pro|Win32.ActiveCfg = Debug_pentium_pro|Win32
		{F7099130-A15B-4654-8981-DD3E0229A7AF}.Debug_pentium_pro|Win32.Build.0 = Debug_pentium_pro|Win32
		{F7099130-A15B-4654-8981-DD3E0229A7AF}.Debug_pentium_pro|x64.ActiveCfg = Debug_pentium_pro|x64
		{F7099130-A15B-4654-8981-DD3E0229A7AF}.Debug_pentium_pro|x64.Build.0 = Debug_pentium_pro|x64
		{F7099130-A15B-4654-8981-DD3E0229A7AF}.Debug_pentium|Win32.ActiveCfg = Debug_pentium|Win32
		{F7099130-A15B-4654-8981-DD3E0229A7AF}.Debug_pentium|Win32.Build.0 = Debug_pentium|Win32
		{F7099130-A15B-4654-8981-DD3E0229A7AF}.Debug_pentium|x64.ActiveCfg = Debug_pentium|x64
		{F7099130-A15B-4654-8981-DD3E0229A7AF}.Debug_pentium|x64.Build.0 = Debug_pentium|x64
		{F7099130-A15B-4654-8981-DD3E0229A7AF}.Debug_pentium2|Win32.ActiveCfg = Debug_pentium2|Win32
		{F7099130-A15B-4654-8981-DD3E0229A7AF}.Debug_pentium2|Win32.Build.0 = Debug_pentium2|Win32
		{F7099130-A15B-4654-8981-DD3E0229A7AF}.Debug_pentium2|x64.ActiveCfg = Debug_pentium2|x64
		{F7099130-A15B-4654-8981-DD3E0229A7AF}.Debug_pentium2|x64.Build.0 = Debug_pentium2|x64
		{F7099130-A15B-4654-8981-DD3E0229A7AF}.Debug_pentium3|Win32.ActiveCfg = Debug_pentium3|Win32
		{F7099130-A15B-4654-8981-DD3E0229A7AF}.Debug_pentium3|Win32.Build.0 = Debug_pentium3|Win32
		{F7099130-A15B-4654-8981-DD3E0229A7AF}.Debug_pentium3|x64.ActiveCfg = Debug_pentium3|x64
		{F7099130-A15B-4654-8981-DD3E0229A7AF}.Debug_pentium3|x64.Build.0 = Debug_pentium3|x64
		{F7099130-A15B-4654-8981-DD3E0229A7AF}.Debug_pentium4|Win32.ActiveCfg = Debug_pentium4|Win32
		{F7099130-A15B-4654-8981-DD3E0229A7AF}.Debug_pentium4|Win32.Build.0 = Debug_pentium4|Win32
		{F7099130-A15B-4654-8981-DD3E0229A7AF}.Debug_pentium4|x64.ActiveCfg = Debug_pentium4|x64
		{F7099130-A15B-4654-8981-DD3E0229A7AF}.Debug_pentium4|x64.Build.0 = Debug_pentium4|x64
		{F7099130-A15B-4654-8981-DD3E0229A7AF}.Debug_v30|Win32.ActiveCfg = Debug_v30|Win32
		{F7099130-A15B-4654-8981-DD3E0229A7AF}.Debug_v30|Win32.Build.0 = Debug_v30|Win32
		{F7099130-A15B-4654-8981-DD3E0229A7AF}.Debug_v30|x64.ActiveCfg = Debug_v30|x64
		{F7099130-A15B-4654-8981-DD3E0229A7AF}.Debug_v30|x64.Build.0 = Debug_v30|x64
		{F7099130-A15B-4654-8981-DD3E0229A7AF}.Release_i186|Win32.ActiveCfg = Release_i186|Win32
		{F7099130-A15B-4654-8981-DD3E0229A7AF}.Release_i186|Win32.Build.0 = Release_i186|Win32
		{F7099130-A15B-4654-8981-DD3E0229A7AF}.Release_i186|x64.ActiveCfg = Release_i186|x64
		{F7099130-A15B-4654-8981-DD3E0229A7AF}.Release_i186|x64.Build.0 = Release_i186|x64
		{F7099130-A15B-4654-8981-DD3E0229A7AF}.Release_i286|Win32.ActiveCfg = Release_i286|Win32
		{F7099130-A15B-4654-8981-DD3E0229A7AF}.Release_i286|Win32.Build.0 = Release_i286|Win32
		{F7099130-A15B-4654-8981-DD3E0229A7AF}.Release_i286|x64.ActiveCfg = Release_i286|x64
		{F7099130-A15B-4654-8981-DD3E0229A7AF}.Release_i286|x64.Build.0 = Release_i286|x64
		{F7099130-A15B-4654-8981-DD3E0229A7AF}.Release_i386|Win32.ActiveCfg = Release_i386|Win32
		{F7099130-A15B-4654-8981-DD3E0229A7AF}.Release_i386|Win32.Build.0 = Release_i386|Win32
		{F7099130-A15B-4654-8981-DD3E0229A7AF}.Release_i386|x64.ActiveCfg = Release_i386|x64
		{F7099130-A15B-4654-8981-DD3E0229A7AF}.Release_i386|x64.Build.0 = Release_i386|x64
		{F7099130-A15B-4654-8981-DD3E0229A7AF}.Release_i486|Win32.ActiveCfg = Release_i486|Win32
		{F7099130-A15B-4654-8981-DD3E0229A7AF}.Release_i486|Win32.Build.0 = Release_i486|Win32
		{F7099130-A15B-4654-8981-DD3E0229A7AF}.Release_i486|x64.ActiveCfg = Release_i486|x64
		{F7099130-A15B-4654-8981-DD3E0229A7AF}.Release_i486|x64.Build.0 = Release_i486|x64
		{F7099130-A15B-4654-8981-DD3E0229A7AF}.Release_i86|Win32.ActiveCfg = Release_i86|Win32
		{F7099130-A15B-4654-8981-DD3E0229A7AF}.Release_i86|Win32.Build.0 = Release_i86|Win32
		{F7099130-A15B-4654-8981-DD3E0229A7AF}.Release_i86|x64.ActiveCfg = Release_i86|x64
		{F7099130-A15B-4654-8981-DD3E0229A7AF}.Release_i86|x64.Build.0 = Release_i86|x64
		{F7099130-A15B-4654-8981-DD3E0229A7AF}.Release_mediagx|Win32.ActiveCfg = Release_mediagx|Win32
		{F7099130-A15B-4654-8981-DD3E0229A7AF}.Release_mediagx|Win32.Build.0 = Release_mediagx|Win32
		{F7099130-A15B-4654-8981-DD3E0229A7AF}.Release_mediagx|x64.ActiveCfg = Release_mediagx|x64
		{F7099130-A15B-4654-8981-DD3E0229A7AF}.Release_mediagx|x64.Build.0 = Release_mediagx|x64
		{F7099130-A15B-4654-8981-DD3E0229A7AF}.Release_pentium_mmx|Win32.ActiveCfg = Release_pentium_mmx|Win32
		{F7099130-A15B-4654-8981-DD3E0229A7AF}.Release_pentium_mmx|Win32.Build.0 = Release_pentium_mmx|Win32
		{F7099130-A15B-4654-8981-DD3E0229A7AF}.Release_pentium_mmx|x64.ActiveCfg = Release_pentium_mmx|x64
		{F7099130-A15B-4654-8981-DD3E0229A7AF}.Release_pentium_mmx|x64.Build.0 = Release_pentium_mmx|x64
		{F7099130-A15B-4654-8981-DD3E0229A7AF}.Release_pentium_pro|Win32.ActiveCfg = Release_pentium_pro|Win32
		{F7099130-A15B-4654-8981-DD3E0229A7AF}.Release_pentium_pro|Win32.Build.0 = Release_pentium_pro|Win32
		{F7099130-A15B-4654-8981-DD3E0229A7AF}.Release_pentium_pro|x64.ActiveCfg = Release_pentium_pro|x64
		{F7099130-A15B-4654-8981-DD3E0229A7AF}.Release_pentium_pro|x64.Build.0 = Release_pentium_pro|x64
		{F7099130-A15B-4654-8981-DD3E0229A7AF}.Release_pentium|Win32.ActiveCfg = Release_pentium|Win32
		{F7099130-A15B-4654-8981-DD3E0229A7AF}.Release_pentium|Win32.Build.0 = Release_pentium|Win32
		{F7099130-A15B-4654-8981-DD3E0229A7AF}.Release_pentium|x64.ActiveCfg = Release_pentium|x64
		{F7099130-A15B-4654-8981-DD3E0229A7AF}.Release_pentium|x64.Build.0 = Release_pentium|x64
		{F7099130-A15B-4654-8981-DD3E0229A7AF}.Release_pentium2|Win32.ActiveCfg = Release_pentium2|Win32
		{F7099130-A15B-4654-8981-DD3E0229A7AF}.Release_pentium2|Win32.Build.0 = Release_pentium2|Win32
		{F7099130-A15B-4654-8981-DD3E0229A7AF}.Release_pentium2|x64.ActiveCfg = Release_pentium2|x64
		{F7099130-A15B-4654-8981-DD3E0229A7AF}.Release_pentium2|x64.Build.0 = Release_pentium2|x64
		{F7099130-A15B-4654-8981-DD3E0229A7AF}.Release_pentium3|Win32.ActiveCfg = Release_pentium3|Win32
		{F7099130-A15B-4654-8981-DD3E0229A7AF}.Release_pentium3|Win32.Build.0 = Release_pentium3|Win32
		{F7099130-A15B-4654-8981-DD3E0229A7AF}.Release_pentium3|x64.ActiveCfg = Release_pentium3|x64
		{F7099130-A15B-4654-8981-DD3E0229A7AF}.Release_pentium3|x64.Build.0 = Release_pentium3|x64
		{F7099130-A15B-4654-8981-DD3E0229A7AF}.Release_pentium4|Win32.ActiveCfg = Release_pentium4|Win32
		{F7099130-A15B-4654-8981-DD3E0229A7AF}.Release_pentium4|Win32.Build.0 = Release_pentium4|Win32
		{F7099130-A15B-4654-8981-DD3E0229A7AF}.Release_pentium4|x64.ActiveCfg = Release_pentium4|x64
		{F7099130-A15B-4654-8981-DD3E0229A7AF}.Release_pentium4|x64.Build.0 = Release_pentium4|x64
		{F7099130-A15B-4654-8981-DD3E0229A7AF}.Release_v30|Win32.ActiveCfg = Release_v30|Win32
		{F7099130-A15B-4654-8981-DD3E0229A7AF}.Release_v30|Win32.Build.0 = Release_v30|Win32
		{F7099130-A15B-4654-8981-DD3E0229A7AF}.Release_v30|x64.ActiveCfg = Release_v30|x64
		{F7099130-A15B-4654-8981-DD3E0229A7AF}.Release_v30|x64.Build.0 = Release_v30|x64
	EndGlobalSection
	GlobalSection(SolutionProperties) = preSolution
		HideSolutionNode = FALSE
	EndGlobalSection
EndGlobal
